# @generated - this file is auto-generated by `mise lock` https://mise.en.dev/dev-tools/mise-lock.html

[[tools.node]]
version = "24.12.0"
backend = "core:node"

[tools.node."platforms.linux-arm64"]
checksum = "sha256:9b2a2eeb98a8eb37361224e2a1d060300ad2dd143af58dfdb16de785df0f1228"
url = "https://nodejs.org/dist/v24.12.0/node-v24.12.0-linux-arm64.tar.gz"

[tools.node."platforms.linux-arm64-musl"]
checksum = "sha256:ef0dc66e375a19442d54b25c28e2481059319a3ecd7118a530372ed80fbf86ac"
url = "https://unofficial-builds.nodejs.org/download/release/v24.12.0/node-v24.12.0-linux-arm64-musl.tar.gz"

[tools.node."platforms.linux-x64"]
checksum = "sha256:6159227e0af7d7c3c6bb2fa900452b04a6cb8841a702a79acc613209d70b04d0"
url = "https://nodejs.org/dist/v24.12.0/node-v24.12.0-linux-x64.tar.gz"

[tools.node."platforms.linux-x64-musl"]
checksum = "sha256:7ad71a3170aac1c5448f2ef3dca05557e6e89e1201fa23e8600c73eebd4a352f"
url = "https://unofficial-builds.nodejs.org/download/release/v24.12.0/node-v24.12.0-linux-x64-musl.tar.gz"

[tools.node."platforms.macos-arm64"]
checksum = "sha256:319f221adc5e44ff0ed57e8a441b2284f02b8dc6fc87b8eb92a6a93643fd8080"
url = "https://nodejs.org/dist/v24.12.0/node-v24.12.0-darwin-arm64.tar.gz"

[tools.node."platforms.macos-x64"]
checksum = "sha256:b82ea4c62fd08e250cab59d625e75d77cc5b0a3d60c6698ebee4545c88a169c5"
url = "https://nodejs.org/dist/v24.12.0/node-v24.12.0-darwin-x64.tar.gz"

[tools.node."platforms.windows-x64"]
checksum = "sha256:9c125f61ae947b52e779095830f9cac267846a043ef7192183c84016aaad2812"
url = "https://nodejs.org/dist/v24.12.0/node-v24.12.0-win-x64.zip"

[[tools.ruby]]
version = "4.0.5"
backend = "core:ruby"

[tools.ruby.options]
compile = "true"
ruby_build_repo = "https://github.com/rbenv/ruby-build.git"
ruby_install = "false"

[tools.ruby."platforms.linux-arm64"]
checksum = "sha256:7d6149079a63f8ae1d326c9fa65c6019ba2dc3155eae7b39159817911c88958e"
url = "https://cache.ruby-lang.org/pub/ruby/4.0/ruby-4.0.5.tar.gz"

[tools.ruby."platforms.linux-arm64-musl"]
checksum = "sha256:7d6149079a63f8ae1d326c9fa65c6019ba2dc3155eae7b39159817911c88958e"
url = "https://cache.ruby-lang.org/pub/ruby/4.0/ruby-4.0.5.tar.gz"

[tools.ruby."platforms.linux-x64"]
checksum = "sha256:7d6149079a63f8ae1d326c9fa65c6019ba2dc3155eae7b39159817911c88958e"
url = "https://cache.ruby-lang.org/pub/ruby/4.0/ruby-4.0.5.tar.gz"

[tools.ruby."platforms.linux-x64-musl"]
checksum = "sha256:7d6149079a63f8ae1d326c9fa65c6019ba2dc3155eae7b39159817911c88958e"
url = "https://cache.ruby-lang.org/pub/ruby/4.0/ruby-4.0.5.tar.gz"

[tools.ruby."platforms.macos-arm64"]
checksum = "sha256:7d6149079a63f8ae1d326c9fa65c6019ba2dc3155eae7b39159817911c88958e"
url = "https://cache.ruby-lang.org/pub/ruby/4.0/ruby-4.0.5.tar.gz"

[tools.ruby."platforms.macos-x64"]
checksum = "sha256:7d6149079a63f8ae1d326c9fa65c6019ba2dc3155eae7b39159817911c88958e"
url = "https://cache.ruby-lang.org/pub/ruby/4.0/ruby-4.0.5.tar.gz"

[[tools.ruby]]
version = "4.0.5"
backend = "core:ruby"

[tools.ruby."platforms.windows-x64"]
checksum = "sha256:74e31613fc71e6e23431dfc4d8b6ec2818a4dc1fd16e0983b074144c16719c8b"
url = "https://github.com/oneclick/rubyinstaller2/releases/download/RubyInstaller-4.0.5-1/rubyinstaller-4.0.5-1-x64.7z"

[[tools.victoria-metrics]]
version = "v1.113.0"
backend = "aqua:VictoriaMetrics/VictoriaMetrics/victoria-metrics"

[tools.victoria-metrics."platforms.linux-arm64"]
checksum = "sha256:b6e859de415f4348246411df766418e02963503f2cf64726731ed30aa2990545"
url = "https://github.com/VictoriaMetrics/VictoriaMetrics/releases/download/v1.113.0/victoria-metrics-linux-arm64-v1.113.0.tar.gz"
url_api = "https://api.github.com/repos/VictoriaMetrics/VictoriaMetrics/releases/assets/235511714"

[tools.victoria-metrics."platforms.linux-arm64-musl"]
checksum = "sha256:b6e859de415f4348246411df766418e02963503f2cf64726731ed30aa2990545"
url = "https://github.com/VictoriaMetrics/VictoriaMetrics/releases/download/v1.113.0/victoria-metrics-linux-arm64-v1.113.0.tar.gz"
url_api = "https://api.github.com/repos/VictoriaMetrics/VictoriaMetrics/releases/assets/235511714"

[tools.victoria-metrics."platforms.linux-x64"]
checksum = "sha256:876df7151dd4bc8447e7f3691eab2f8a463617532d2a84119ea5dd1803b4c78c"
url = "https://github.com/VictoriaMetrics/VictoriaMetrics/releases/download/v1.113.0/victoria-metrics-linux-amd64-v1.113.0.tar.gz"
url_api = "https://api.github.com/repos/VictoriaMetrics/VictoriaMetrics/releases/assets/235511617"

[tools.victoria-metrics."platforms.linux-x64-musl"]
checksum = "sha256:876df7151dd4bc8447e7f3691eab2f8a463617532d2a84119ea5dd1803b4c78c"
url = "https://github.com/VictoriaMetrics/VictoriaMetrics/releases/download/v1.113.0/victoria-metrics-linux-amd64-v1.113.0.tar.gz"
url_api = "https://api.github.com/repos/VictoriaMetrics/VictoriaMetrics/releases/assets/235511617"

[tools.victoria-metrics."platforms.macos-arm64"]
checksum = "sha256:0d8accc04720dd681b28732f81feeaaacf140f809a7f0bccab364e0f7bcaa2bc"
url = "https://github.com/VictoriaMetrics/VictoriaMetrics/releases/download/v1.113.0/victoria-metrics-darwin-arm64-v1.113.0.tar.gz"
url_api = "https://api.github.com/repos/VictoriaMetrics/VictoriaMetrics/releases/assets/235511559"

[tools.victoria-metrics."platforms.macos-x64"]
checksum = "sha256:fb5e142cfd152461d79acbb691fa9308894cbaf34627733b549998e41f056d5e"
url = "https://github.com/VictoriaMetrics/VictoriaMetrics/releases/download/v1.113.0/victoria-metrics-darwin-amd64-v1.113.0.tar.gz"
url_api = "https://api.github.com/repos/VictoriaMetrics/VictoriaMetrics/releases/assets/235511531"

[tools.victoria-metrics."platforms.windows-x64"]
checksum = "sha256:ed8f660442a45b260a2c0a0976440ecec863bb75ccb7cec6aad9580364a92de6"
url = "https://github.com/VictoriaMetrics/VictoriaMetrics/releases/download/v1.113.0/victoria-metrics-windows-amd64-v1.113.0.zip"
url_api = "https://api.github.com/repos/VictoriaMetrics/VictoriaMetrics/releases/assets/235511460"
